
Microsoft Visual Studio Solution File, Format Version 12.00
# Visual Studio Version 16
VisualStudioVersion = 16.0.810.16
MinimumVisualStudioVersion = 10.0.40219.1
Project("{FAE04EC0-301F-11D3-BF4B-00C04F79EFBC}") = "GameStoreApp.Android", "GameStoreApp.Android\GameStoreApp.Android.csproj", "{9D32EA40-FA5D-402A-B02A-CCF1EDE6FC2B}"
EndProject
Project("{FAE04EC0-301F-11D3-BF4B-00C04F79EFBC}") = "GameStoreApp.iOS", "GameStoreApp.iOS\GameStoreApp.iOS.csproj", "{49322C2B-D39C-40B4-BF8D-76E69CE4F076}"
EndProject
Project("{FAE04EC0-301F-11D3-BF4B-00C04F79EFBC}") = "GameStoreApp", "GameStoreApp\GameStoreApp.csproj", "{55959F0F-D0B5-4FD3-BC9B-AEA51A3376B6}"
EndProject
Global
	GlobalSection(SolutionConfigurationPlatforms) = preSolution
		Debug|Any CPU = Debug|Any CPU
		Release|Any CPU = Release|Any CPU
		Debug|iPhoneSimulator = Debug|iPhoneSimulator
		Release|iPhoneSimulator = Release|iPhoneSimulator
		Debug|iPhone = Debug|iPhone
		Release|iPhone = Release|iPhone
	EndGlobalSection
	GlobalSection(ProjectConfigurationPlatforms) = postSolution
		{9D32EA40-FA5D-402A-B02A-CCF1EDE6FC2B}.Debug|Any CPU.ActiveCfg = Debug|Any CPU
		{9D32EA40-FA5D-402A-B02A-CCF1EDE6FC2B}.Debug|Any CPU.Build.0 = Debug|Any CPU
		{9D32EA40-FA5D-402A-B02A-CCF1EDE6FC2B}.Release|Any CPU.ActiveCfg = Release|Any CPU
		{9D32EA40-FA5D-402A-B02A-CCF1EDE6FC2B}.Release|Any CPU.Build.0 = Release|Any CPU
		{9D32EA40-FA5D-402A-B02A-CCF1EDE6FC2B}.Debug|iPhoneSimulator.ActiveCfg = Debug|Any CPU
		{9D32EA40-FA5D-402A-B02A-CCF1EDE6FC2B}.Debug|iPhoneSimulator.Build.0 = Debug|Any CPU
		{9D32EA40-FA5D-402A-B02A-CCF1EDE6FC2B}.Release|iPhoneSimulator.ActiveCfg = Release|Any CPU
		{9D32EA40-FA5D-402A-B02A-CCF1EDE6FC2B}.Release|iPhoneSimulator.Build.0 = Release|Any CPU
		{9D32EA40-FA5D-402A-B02A-CCF1EDE6FC2B}.Debug|iPhone.ActiveCfg = Debug|Any CPU
		{9D32EA40-FA5D-402A-B02A-CCF1EDE6FC2B}.Debug|iPhone.Build.0 = Debug|Any CPU
		{9D32EA40-FA5D-402A-B02A-CCF1EDE6FC2B}.Release|iPhone.ActiveCfg = Release|Any CPU
		{9D32EA40-FA5D-402A-B02A-CCF1EDE6FC2B}.Release|iPhone.Build.0 = Release|Any CPU
		{49322C2B-D39C-40B4-BF8D-76E69CE4F076}.Debug|Any CPU.ActiveCfg = Debug|iPhoneSimulator
		{49322C2B-D39C-40B4-BF8D-76E69CE4F076}.Debug|Any CPU.Build.0 = Debug|iPhoneSimulator
		{49322C2B-D39C-40B4-BF8D-76E69CE4F076}.Release|Any CPU.ActiveCfg = Release|iPhoneSimulator
		{49322C2B-D39C-40B4-BF8D-76E69CE4F076}.Release|Any CPU.Build.0 = Release|iPhoneSimulator
		{49322C2B-D39C-40B4-BF8D-76E69CE4F076}.Debug|iPhoneSimulator.ActiveCfg = Debug|iPhoneSimulator
		{49322C2B-D39C-40B4-BF8D-76E69CE4F076}.Debug|iPhoneSimulator.Build.0 = Debug|iPhoneSimulator
		{49322C2B-D39C-40B4-BF8D-76E69CE4F076}.Release|iPhoneSimulator.ActiveCfg = Release|iPhoneSimulator
		{49322C2B-D39C-40B4-BF8D-76E69CE4F076}.Release|iPhoneSimulator.Build.0 = Release|iPhoneSimulator
		{49322C2B-D39C-40B4-BF8D-76E69CE4F076}.Debug|iPhone.ActiveCfg = Debug|iPhone
		{49322C2B-D39C-40B4-BF8D-76E69CE4F076}.Debug|iPhone.Build.0 = Debug|iPhone
		{49322C2B-D39C-40B4-BF8D-76E69CE4F076}.Release|iPhone.ActiveCfg = Release|iPhone
		{49322C2B-D39C-40B4-BF8D-76E69CE4F076}.Release|iPhone.Build.0 = Release|iPhone
		{55959F0F-D0B5-4FD3-BC9B-AEA51A3376B6}.Debug|Any CPU.ActiveCfg = Debug|Any CPU
		{55959F0F-D0B5-4FD3-BC9B-AEA51A3376B6}.Debug|Any CPU.Build.0 = Debug|Any CPU
		{55959F0F-D0B5-4FD3-BC9B-AEA51A3376B6}.Release|Any CPU.ActiveCfg = Release|Any CPU
		{55959F0F-D0B5-4FD3-BC9B-AEA51A3376B6}.Release|Any CPU.Build.0 = Release|Any CPU
		{55959F0F-D0B5-4FD3-BC9B-AEA51A3376B6}.Debug|iPhoneSimulator.ActiveCfg = Debug|Any CPU
		{55959F0F-D0B5-4FD3-BC9B-AEA51A3376B6}.Debug|iPhoneSimulator.Build.0 = Debug|Any CPU
		{55959F0F-D0B5-4FD3-BC9B-AEA51A3376B6}.Release|iPhoneSimulator.ActiveCfg = Release|Any CPU
		{55959F0F-D0B5-4FD3-BC9B-AEA51A3376B6}.Release|iPhoneSimulator.Build.0 = Release|Any CPU
		{55959F0F-D0B5-4FD3-BC9B-AEA51A3376B6}.Debug|iPhone.ActiveCfg = Debug|Any CPU
		{55959F0F-D0B5-4FD3-BC9B-AEA51A3376B6}.Debug|iPhone.Build.0 = Debug|Any CPU
		{55959F0F-D0B5-4FD3-BC9B-AEA51A3376B6}.Release|iPhone.ActiveCfg = Release|Any CPU
		{55959F0F-D0B5-4FD3-BC9B-AEA51A3376B6}.Release|iPhone.Build.0 = Release|Any CPU
	EndGlobalSection
	GlobalSection(SolutionProperties) = preSolution
		HideSolutionNode = FALSE
	EndGlobalSection
	GlobalSection(ExtensibilityGlobals) = postSolution
		SolutionGuid = {C1ADDB90-848E-4E7F-B838-5E64FEC29742}
	EndGlobalSection
EndGlobal
